github.com/tinywasm/command v0.0.2 h1:VDeUUghEatrK4bMgv3MJlswpVZMybvxwB5YTyisfp7o=
github.com/tinywasm/command v0.0.2/go.mod h1:biTSjIwxhPoOoyZ7iR8qt59qW1FD5QHCYfsLPlWYwkA=
github.com/tinywasm/git v0.0.4 h1:fID+5kKwRc7QtlBPYDvDuH7RNdvEzF4kvWbJvQhDGBU=
github.com/tinywasm/git v0.0.4/go.mod h1:pIOI7mqcl/LhPYMp+G6AB9z7yWPxbdxHlYEwwaucdhk=
golang.org/x/sys v0.47.0 h1:o7XGOvZQCADBQQ4Y7VNq2dRWQR7JmOUW8Kxx4ZsNgWs=
golang.org/x/sys v0.47.0/go.mod h1:4GL1E5IUh+htKOUEOaiffhrAeqysfVGipDYzABqnCmw=
golang.org/x/term v0.45.0 h1:NwWyBmoJCbfTHpxrWoZ9C6/VxOf7ic219I8xZZFdrf0=
golang.org/x/term v0.45.0/go.mod h1:9aqxs0blBcrm/n0L9QW0aRVD+ktan8ssZromtqJC43w=
